// !$*UTF8*$!
{
	archiveVersion = 1;
	classes = {
	};
	objectVersion = 46;
	objects = {

/* Begin PBXBuildFile section */
		925330841CA1212A00903318 /* main.m in Sources */ = {isa = PBXBuildFile; fileRef = 925330831CA1212A00903318 /* main.m */; };
		925330871CA1212A00903318 /* AppDelegate.m in Sources */ = {isa = PBXBuildFile; fileRef = 925330861CA1212A00903318 /* AppDelegate.m */; };
		9253308A1CA1212A00903318 /* ViewController.m in Sources */ = {isa = PBXBuildFile; fileRef = 925330891CA1212A00903318 /* ViewController.m */; };
		9253308D1CA1212A00903318 /* Main.storyboard in Resources */ = {isa = PBXBuildFile; fileRef = 9253308B1CA1212A00903318 /* Main.storyboard */; };
		9253308F1CA1212A00903318 /* Assets.xcassets in Resources */ = {isa = PBXBuildFile; fileRef = 9253308E1CA1212A00903318 /* Assets.xcassets */; };
		925330921CA1212A00903318 /* LaunchScreen.storyboard in Resources */ = {isa = PBXBuildFile; fileRef = 925330901CA1212A00903318 /* LaunchScreen.storyboard */; };
		925330A31CA1237000903318 /* FBSDKCoreKit.framework in Frameworks */ = {isa = PBXBuildFile; fileRef = 925330A01CA1237000903318 /* FBSDKCoreKit.framework */; };
		925330A41CA1237000903318 /* FBSDKLoginKit.framework in Frameworks */ = {isa = PBXBuildFile; fileRef = 925330A11CA1237000903318 /* FBSDKLoginKit.framework */; };
		925330A51CA1237000903318 /* FBSDKShareKit.framework in Frameworks */ = {isa = PBXBuildFile; fileRef = 925330A21CA1237000903318 /* FBSDKShareKit.framework */; };
		925330A91CA143D900903318 /* Utils.m in Sources */ = {isa = PBXBuildFile; fileRef = 925330A81CA143D900903318 /* Utils.m */; };
		925330AC1CA1468700903318 /* GamePlayViewController.m in Sources */ = {isa = PBXBuildFile; fileRef = 925330AB1CA1468700903318 /* GamePlayViewController.m */; };
		925330B21CA14B3100903318 /* ItemView.m in Sources */ = {isa = PBXBuildFile; fileRef = 925330B11CA14B3100903318 /* ItemView.m */; };
		92F1E3411CA3E9F90077BF95 /* background_new.jpeg in Resources */ = {isa = PBXBuildFile; fileRef = 92F1E3401CA3E9F90077BF95 /* background_new.jpeg */; };
		92F1E3431CA3EAD10077BF95 /* background2.jpg in Resources */ = {isa = PBXBuildFile; fileRef = 92F1E3421CA3EAD10077BF95 /* background2.jpg */; };
/* End PBXBuildFile section */

/* Begin PBXFileReference section */
		9253307F1CA1212A00903318 /* QuickColor.app */ = {isa = PBXFileReference; explicitFileType = wrapper.application; includeInIndex = 0; path = QuickColor.app; sourceTree = BUILT_PRODUCTS_DIR; };
		925330831CA1212A00903318 /* main.m */ = {isa = PBXFileReference; lastKnownFileType = sourcecode.c.objc; path = main.m; sourceTree = "<group>"; };
		925330851CA1212A00903318 /* AppDelegate.h */ = {isa = PBXFileReference; lastKnownFileType = sourcecode.c.h; path = AppDelegate.h; sourceTree = "<group>"; };
		925330861CA1212A00903318 /* AppDelegate.m */ = {isa = PBXFileReference; lastKnownFileType = sourcecode.c.objc; path = AppDelegate.m; sourceTree = "<group>"; };
		925330881CA1212A00903318 /* ViewController.h */ = {isa = PBXFileReference; lastKnownFileType = sourcecode.c.h; path = ViewController.h; sourceTree = "<group>"; };
		925330891CA1212A00903318 /* ViewController.m */ = {isa = PBXFileReference; lastKnownFileType = sourcecode.c.objc; path = ViewController.m; sourceTree = "<group>"; };
		9253308C1CA1212A00903318 /* Base */ = {isa = PBXFileReference; lastKnownFileType = file.storyboard; name = Base; path = Base.lproj/Main.storyboard; sourceTree = "<group>"; };
		9253308E1CA1212A00903318 /* Assets.xcassets */ = {isa = PBXFileReference; lastKnownFileType = folder.assetcatalog; path = Assets.xcassets; sourceTree = "<group>"; };
		925330911CA1212A00903318 /* Base */ = {isa = PBXFileReference; lastKnownFileType = file.storyboard; name = Base; path = Base.lproj/LaunchScreen.storyboard; sourceTree = "<group>"; };
		925330931CA1212A00903318 /* Info.plist */ = {isa = PBXFileReference; lastKnownFileType = text.plist.xml; path = Info.plist; sourceTree = "<group>"; };
		925330A01CA1237000903318 /* FBSDKCoreKit.framework */ = {isa = PBXFileReference; lastKnownFileType = wrapper.framework; path = FBSDKCoreKit.framework; sourceTree = "<group>"; };
		925330A11CA1237000903318 /* FBSDKLoginKit.framework */ = {isa = PBXFileReference; lastKnownFileType = wrapper.framework; path = FBSDKLoginKit.framework; sourceTree = "<group>"; };
		925330A21CA1237000903318 /* FBSDKShareKit.framework */ = {isa = PBXFileReference; lastKnownFileType = wrapper.framework; path = FBSDKShareKit.framework; sourceTree = "<group>"; };
		925330A71CA143D900903318 /* Utils.h */ = {isa = PBXFileReference; fileEncoding = 4; lastKnownFileType = sourcecode.c.h; path = Utils.h; sourceTree = "<group>"; };
		925330A81CA143D900903318 /* Utils.m */ = {isa = PBXFileReference; fileEncoding = 4; lastKnownFileType = sourcecode.c.objc; path = Utils.m; sourceTree = "<group>"; };
		925330AA1CA1468700903318 /* GamePlayViewController.h */ = {isa = PBXFileReference; fileEncoding = 4; lastKnownFileType = sourcecode.c.h; path = GamePlayViewController.h; sourceTree = "<group>"; };
		925330AB1CA1468700903318 /* GamePlayViewController.m */ = {isa = PBXFileReference; fileEncoding = 4; lastKnownFileType = sourcecode.c.objc; path = GamePlayViewController.m; sourceTree = "<group>"; };
		925330B01CA14B3100903318 /* ItemView.h */ = {isa = PBXFileReference; fileEncoding = 4; lastKnownFileType = sourcecode.c.h; path = ItemView.h; sourceTree = "<group>"; };
		925330B11CA14B3100903318 /* ItemView.m */ = {isa = PBXFileReference; fileEncoding = 4; lastKnownFileType = sourcecode.c.objc; path = ItemView.m; sourceTree = "<group>"; };
		925330B31CA1536900903318 /* Constant.h */ = {isa = PBXFileReference; lastKnownFileType = sourcecode.c.h; path = Constant.h; sourceTree = "<group>"; };
		92F1E3401CA3E9F90077BF95 /* background_new.jpeg */ = {isa = PBXFileReference; lastKnownFileType = image.jpeg; path = background_new.jpeg; sourceTree = "<group>"; };
		92F1E3421CA3EAD10077BF95 /* background2.jpg */ = {isa = PBXFileReference; lastKnownFileType = image.jpeg; path = background2.jpg; sourceTree = "<group>"; };
/* End PBXFileReference section */

/* Begin PBXFrameworksBuildPhase section */
		9253307C1CA1212A00903318 /* Frameworks */ = {
			isa = PBXFrameworksBuildPhase;
			buildActionMask = 2147483647;
			files = (
				925330A41CA1237000903318 /* FBSDKLoginKit.framework in Frameworks */,
				925330A31CA1237000903318 /* FBSDKCoreKit.framework in Frameworks */,
				925330A51CA1237000903318 /* FBSDKShareKit.framework in Frameworks */,
			);
			runOnlyForDeploymentPostprocessing = 0;
		};
/* End PBXFrameworksBuildPhase section */

/* Begin PBXGroup section */
		925330761CA1212A00903318 = {
			isa = PBXGroup;
			children = (
				925330991CA1223800903318 /* Frameworks */,
				925330811CA1212A00903318 /* QuickColor */,
				925330801CA1212A00903318 /* Products */,
			);
			sourceTree = "<group>";
		};
		925330801CA1212A00903318 /* Products */ = {
			isa = PBXGroup;
			children = (
				9253307F1CA1212A00903318 /* QuickColor.app */,
			);
			name = Products;
			sourceTree = "<group>";
		};
		925330811CA1212A00903318 /* QuickColor */ = {
			isa = PBXGroup;
			children = (
				92F1E33C1CA3E8A90077BF95 /* Resources */,
				925330A61CA143C600903318 /* Common */,
				925330851CA1212A00903318 /* AppDelegate.h */,
				925330861CA1212A00903318 /* AppDelegate.m */,
				925330881CA1212A00903318 /* ViewController.h */,
				925330891CA1212A00903318 /* ViewController.m */,
				9253308B1CA1212A00903318 /* Main.storyboard */,
				9253308E1CA1212A00903318 /* Assets.xcassets */,
				925330901CA1212A00903318 /* LaunchScreen.storyboard */,
				925330931CA1212A00903318 /* Info.plist */,
				925330821CA1212A00903318 /* Supporting Files */,
				925330AA1CA1468700903318 /* GamePlayViewController.h */,
				925330AB1CA1468700903318 /* GamePlayViewController.m */,
				925330B01CA14B3100903318 /* ItemView.h */,
				925330B11CA14B3100903318 /* ItemView.m */,
			);
			path = QuickColor;
			sourceTree = "<group>";
		};
		925330821CA1212A00903318 /* Supporting Files */ = {
			isa = PBXGroup;
			children = (
				925330831CA1212A00903318 /* main.m */,
			);
			name = "Supporting Files";
			sourceTree = "<group>";
		};
		925330991CA1223800903318 /* Frameworks */ = {
			isa = PBXGroup;
			children = (
				925330A01CA1237000903318 /* FBSDKCoreKit.framework */,
				925330A11CA1237000903318 /* FBSDKLoginKit.framework */,
				925330A21CA1237000903318 /* FBSDKShareKit.framework */,
			);
			name = Frameworks;
			sourceTree = "<group>";
		};
		925330A61CA143C600903318 /* Common */ = {
			isa = PBXGroup;
			children = (
				925330A71CA143D900903318 /* Utils.h */,
				925330A81CA143D900903318 /* Utils.m */,
				925330B31CA1536900903318 /* Constant.h */,
			);
			name = Common;
			sourceTree = "<group>";
		};
		92F1E33C1CA3E8A90077BF95 /* Resources */ = {
			isa = PBXGroup;
			children = (
				92F1E33D1CA3E8B60077BF95 /* Images */,
			);
			name = Resources;
			sourceTree = "<group>";
		};
		92F1E33D1CA3E8B60077BF95 /* Images */ = {
			isa = PBXGroup;
			children = (
				92F1E3421CA3EAD10077BF95 /* background2.jpg */,
				92F1E3401CA3E9F90077BF95 /* background_new.jpeg */,
			);
			name = Images;
			sourceTree = "<group>";
		};
/* End PBXGroup section */

/* Begin PBXNativeTarget section */
		9253307E1CA1212A00903318 /* QuickColor */ = {
			isa = PBXNativeTarget;
			buildConfigurationList = 925330961CA1212A00903318 /* Build configuration list for PBXNativeTarget "QuickColor" */;
			buildPhases = (
				9253307B1CA1212A00903318 /* Sources */,
				9253307C1CA1212A00903318 /* Frameworks */,
				9253307D1CA1212A00903318 /* Resources */,
			);
			buildRules = (
			);
			dependencies = (
			);
			name = QuickColor;
			productName = QuickColor;
			productReference = 9253307F1CA1212A00903318 /* QuickColor.app */;
			productType = "com.apple.product-type.application";
		};
/* End PBXNativeTarget section */

/* Begin PBXProject section */
		925330771CA1212A00903318 /* Project object */ = {
			isa = PBXProject;
			attributes = {
				LastUpgradeCheck = 0720;
				ORGANIZATIONNAME = "Thanh Nguyen";
				TargetAttributes = {
					9253307E1CA1212A00903318 = {
						CreatedOnToolsVersion = 7.2.1;
					};
				};
			};
			buildConfigurationList = 9253307A1CA1212A00903318 /* Build configuration list for PBXProject "QuickColor" */;
			compatibilityVersion = "Xcode 3.2";
			developmentRegion = English;
			hasScannedForEncodings = 0;
			knownRegions = (
				en,
				Base,
			);
			mainGroup = 925330761CA1212A00903318;
			productRefGroup = 925330801CA1212A00903318 /* Products */;
			projectDirPath = "";
			projectRoot = "";
			targets = (
				9253307E1CA1212A00903318 /* QuickColor */,
			);
		};
/* End PBXProject section */

/* Begin PBXResourcesBuildPhase section */
		9253307D1CA1212A00903318 /* Resources */ = {
			isa = PBXResourcesBuildPhase;
			buildActionMask = 2147483647;
			files = (
				92F1E3411CA3E9F90077BF95 /* background_new.jpeg in Resources */,
				925330921CA1212A00903318 /* LaunchScreen.storyboard in Resources */,
				92F1E3431CA3EAD10077BF95 /* background2.jpg in Resources */,
				9253308F1CA1212A00903318 /* Assets.xcassets in Resources */,
				9253308D1CA1212A00903318 /* Main.storyboard in Resources */,
			);
			runOnlyForDeploymentPostprocessing = 0;
		};
/* End PBXResourcesBuildPhase section */

/* Begin PBXSourcesBuildPhase section */
		9253307B1CA1212A00903318 /* Sources */ = {
			isa = PBXSourcesBuildPhase;
			buildActionMask = 2147483647;
			files = (
				9253308A1CA1212A00903318 /* ViewController.m in Sources */,
				925330871CA1212A00903318 /* AppDelegate.m in Sources */,
				925330AC1CA1468700903318 /* GamePlayViewController.m in Sources */,
				925330B21CA14B3100903318 /* ItemView.m in Sources */,
				925330841CA1212A00903318 /* main.m in Sources */,
				925330A91CA143D900903318 /* Utils.m in Sources */,
			);
			runOnlyForDeploymentPostprocessing = 0;
		};
/* End PBXSourcesBuildPhase section */

/* Begin PBXVariantGroup section */
		9253308B1CA1212A00903318 /* Main.storyboard */ = {
			isa = PBXVariantGroup;
			children = (
				9253308C1CA1212A00903318 /* Base */,
			);
			name = Main.storyboard;
			sourceTree = "<group>";
		};
		925330901CA1212A00903318 /* LaunchScreen.storyboard */ = {
			isa = PBXVariantGroup;
			children = (
				925330911CA1212A00903318 /* Base */,
			);
			name = LaunchScreen.storyboard;
			sourceTree = "<group>";
		};
/* End PBXVariantGroup section */

/* Begin XCBuildConfiguration section */
		925330941CA1212A00903318 /* Debug */ = {
			isa = XCBuildConfiguration;
			buildSettings = {
				ALWAYS_SEARCH_USER_PATHS = NO;
				CLANG_CXX_LANGUAGE_STANDARD = "gnu++0x";
				CLANG_CXX_LIBRARY = "libc++";
				CLANG_ENABLE_MODULES = YES;
				CLANG_ENABLE_OBJC_ARC = YES;
				CLANG_WARN_BOOL_CONVERSION = YES;
				CLANG_WARN_CONSTANT_CONVERSION = YES;
				CLANG_WARN_DIRECT_OBJC_ISA_USAGE = YES_ERROR;
				CLANG_WARN_EMPTY_BODY = YES;
				CLANG_WARN_ENUM_CONVERSION = YES;
				CLANG_WARN_INT_CONVERSION = YES;
				CLANG_WARN_OBJC_ROOT_CLASS = YES_ERROR;
				CLANG_WARN_UNREACHABLE_CODE = YES;
				CLANG_WARN__DUPLICATE_METHOD_MATCH = YES;
				"CODE_SIGN_IDENTITY[sdk=iphoneos*]" = "iPhone Developer";
				COPY_PHASE_STRIP = NO;
				DEBUG_INFORMATION_FORMAT = dwarf;
				ENABLE_STRICT_OBJC_MSGSEND = YES;
				ENABLE_TESTABILITY = YES;
				GCC_C_LANGUAGE_STANDARD = gnu99;
				GCC_DYNAMIC_NO_PIC = NO;
				GCC_NO_COMMON_BLOCKS = YES;
				GCC_OPTIMIZATION_LEVEL = 0;
				GCC_PREPROCESSOR_DEFINITIONS = (
					"DEBUG=1",
					"$(inherited)",
				);
				GCC_WARN_64_TO_32_BIT_CONVERSION = YES;
				GCC_WARN_ABOUT_RETURN_TYPE = YES_ERROR;
				GCC_WARN_UNDECLARED_SELECTOR = YES;
				GCC_WARN_UNINITIALIZED_AUTOS = YES_AGGRESSIVE;
				GCC_WARN_UNUSED_FUNCTION = YES;
				GCC_WARN_UNUSED_VARIABLE = YES;
				IPHONEOS_DEPLOYMENT_TARGET = 9.2;
				MTL_ENABLE_DEBUG_INFO = YES;
				ONLY_ACTIVE_ARCH = YES;
				SDKROOT = iphoneos;
				TARGETED_DEVICE_FAMILY = 2;
			};
			name = Debug;
		};
		925330951CA1212A00903318 /* Release */ = {
			isa = XCBuildConfiguration;
			buildSettings = {
				ALWAYS_SEARCH_USER_PATHS = NO;
				CLANG_CXX_LANGUAGE_STANDARD = "gnu++0x";
				CLANG_CXX_LIBRARY = "libc++";
				CLANG_ENABLE_MODULES = YES;
				CLANG_ENABLE_OBJC_ARC = YES;
				CLANG_WARN_BOOL_CONVERSION = YES;
				CLANG_WARN_CONSTANT_CONVERSION = YES;
				CLANG_WARN_DIRECT_OBJC_ISA_USAGE = YES_ERROR;
				CLANG_WARN_EMPTY_BODY = YES;
				CLANG_WARN_ENUM_CONVERSION = YES;
				CLANG_WARN_INT_CONVERSION = YES;
				CLANG_WARN_OBJC_ROOT_CLASS = YES_ERROR;
				CLANG_WARN_UNREACHABLE_CODE = YES;
				CLANG_WARN__DUPLICATE_METHOD_MATCH = YES;
				"CODE_SIGN_IDENTITY[sdk=iphoneos*]" = "iPhone Developer";
				COPY_PHASE_STRIP = NO;
				DEBUG_INFORMATION_FORMAT = "dwarf-with-dsym";
				ENABLE_NS_ASSERTIONS = NO;
				ENABLE_STRICT_OBJC_MSGSEND = YES;
				GCC_C_LANGUAGE_STANDARD = gnu99;
				GCC_NO_COMMON_BLOCKS = YES;
				GCC_WARN_64_TO_32_BIT_CONVERSION = YES;
				GCC_WARN_ABOUT_RETURN_TYPE = YES_ERROR;
				GCC_WARN_UNDECLARED_SELECTOR = YES;
				GCC_WARN_UNINITIALIZED_AUTOS = YES_AGGRESSIVE;
				GCC_WARN_UNUSED_FUNCTION = YES;
				GCC_WARN_UNUSED_VARIABLE = YES;
				IPHONEOS_DEPLOYMENT_TARGET = 9.2;
				MTL_ENABLE_DEBUG_INFO = NO;
				SDKROOT = iphoneos;
				TARGETED_DEVICE_FAMILY = 2;
				VALIDATE_PRODUCT = YES;
			};
			name = Release;
		};
		925330971CA1212A00903318 /* Debug */ = {
			isa = XCBuildConfiguration;
			buildSettings = {
				ASSETCATALOG_COMPILER_APPICON_NAME = AppIcon;
				FRAMEWORK_SEARCH_PATHS = (
					"$(inherited)",
					"$(PROJECT_DIR)",
				);
				INFOPLIST_FILE = QuickColor/Info.plist;
				IPHONEOS_DEPLOYMENT_TARGET = 7.0;
				LD_RUNPATH_SEARCH_PATHS = "$(inherited) @executable_path/Frameworks";
				PRODUCT_BUNDLE_IDENTIFIER = com.mideals.QuickColor;
				PRODUCT_NAME = "$(TARGET_NAME)";
			};
			name = Debug;
		};
		925330981CA1212A00903318 /* Release */ = {
			isa = XCBuildConfiguration;
			buildSettings = {
				ASSETCATALOG_COMPILER_APPICON_NAME = AppIcon;
				FRAMEWORK_SEARCH_PATHS = (
					"$(inherited)",
					"$(PROJECT_DIR)",
				);
				INFOPLIST_FILE = QuickColor/Info.plist;
				IPHONEOS_DEPLOYMENT_TARGET = 7.0;
				LD_RUNPATH_SEARCH_PATHS = "$(inherited) @executable_path/Frameworks";
				PRODUCT_BUNDLE_IDENTIFIER = com.mideals.QuickColor;
				PRODUCT_NAME = "$(TARGET_NAME)";
			};
			name = Release;
		};
/* End XCBuildConfiguration section */

/* Begin XCConfigurationList section */
		9253307A1CA1212A00903318 /* Build configuration list for PBXProject "QuickColor" */ = {
			isa = XCConfigurationList;
			buildConfigurations = (
				925330941CA1212A00903318 /* Debug */,
				925330951CA1212A00903318 /* Release */,
			);
			defaultConfigurationIsVisible = 0;
			defaultConfigurationName = Release;
		};
		925330961CA1212A00903318 /* Build configuration list for PBXNativeTarget "QuickColor" */ = {
			isa = XCConfigurationList;
			buildConfigurations = (
				925330971CA1212A00903318 /* Debug */,
				925330981CA1212A00903318 /* Release */,
			);
			defaultConfigurationIsVisible = 0;
			defaultConfigurationName = Release;
		};
/* End XCConfigurationList section */
	};
	rootObject = 925330771CA1212A00903318 /* Project object */;
}
